<?xml version="1.0" encoding="utf-8"?>
<Project ToolsVersion="4.0" xmlns="http://schemas.microsoft.com/developer/msbuild/2003">
  <ItemGroup>
    <Filter Include="소스 파일">
      <UniqueIdentifier>{4FC737F1-C7A5-4376-A066-2A32D752A2FF}</UniqueIdentifier>
      <Extensions>cpp;c;cc;cxx;def;odl;idl;hpj;bat;asm;asmx</Extensions>
    </Filter>
    <Filter Include="헤더 파일">
      <UniqueIdentifier>{93995380-89BD-4b04-88EB-625FBE52EBFB}</UniqueIdentifier>
      <Extensions>h;hh;hpp;hxx;hm;inl;inc;xsd</Extensions>
    </Filter>
    <Filter Include="리소스 파일">
      <UniqueIdentifier>{67DA6AB6-F800-4c08-8B7A-83BB121AAD01}</UniqueIdentifier>
      <Extensions>rc;ico;cur;bmp;dlg;rc2;rct;bin;rgs;gif;jpg;jpeg;jpe;resx;tiff;tif;png;wav;mfcribbon-ms</Extensions>
    </Filter>
    <Filter Include="WorkThread">
      <UniqueIdentifier>{fd8a2ef5-bafa-4fe0-861d-631d31042b20}</UniqueIdentifier>
    </Filter>
    <Filter Include="ProgressSource">
      <UniqueIdentifier>{97db66a9-be3c-49c3-afad-cef1d72318b9}</UniqueIdentifier>
    </Filter>
    <Filter Include="ProgressHeader">
      <UniqueIdentifier>{34b5c83e-163d-45e8-96b3-de523136a7d6}</UniqueIdentifier>
    </Filter>
  </ItemGroup>
  <ItemGroup>
    <Text Include="ReadMe.txt" />
  </ItemGroup>
  <ItemGroup>
    <ClInclude Include="TWM1.h">
      <Filter>헤더 파일</Filter>
    </ClInclude>
    <ClInclude Include="TWM1Dlg.h">
      <Filter>헤더 파일</Filter>
    </ClInclude>
    <ClInclude Include="stdafx.h">
      <Filter>헤더 파일</Filter>
    </ClInclude>
    <ClInclude Include="targetver.h">
      <Filter>헤더 파일</Filter>
    </ClInclude>
    <ClInclude Include="Resource.h">
      <Filter>헤더 파일</Filter>
    </ClInclude>
    <ClInclude Include="DlgWorkThread.h">
      <Filter>헤더 파일</Filter>
    </ClInclude>
    <ClInclude Include="WorkThread.h">
      <Filter>WorkThread</Filter>
    </ClInclude>
    <ClInclude Include="Progress1Thread.h">
      <Filter>ProgressHeader</Filter>
    </ClInclude>
    <ClInclude Include="Progress2Thread.h">
      <Filter>ProgressHeader</Filter>
    </ClInclude>
    <ClInclude Include="Progress3Thread.h">
      <Filter>ProgressHeader</Filter>
    </ClInclude>
    <ClInclude Include="Progress4Thread.h">
      <Filter>ProgressHeader</Filter>
    </ClInclude>
  </ItemGroup>
  <ItemGroup>
    <ClCompile Include="TWM1.cpp">
      <Filter>소스 파일</Filter>
    </ClCompile>
    <ClCompile Include="TWM1Dlg.cpp">
      <Filter>소스 파일</Filter>
    </ClCompile>
    <ClCompile Include="stdafx.cpp">
      <Filter>소스 파일</Filter>
    </ClCompile>
    <ClCompile Include="DlgWorkThread.cpp">
      <Filter>소스 파일</Filter>
    </ClCompile>
    <ClCompile Include="WorkThread.cpp">
      <Filter>WorkThread</Filter>
    </ClCompile>
    <ClCompile Include="Progress1Thread.cpp">
      <Filter>ProgressSource</Filter>
    </ClCompile>
    <ClCompile Include="Progress2Thread.cpp">
      <Filter>ProgressSource</Filter>
    </ClCompile>
    <ClCompile Include="Progress3Thread.cpp">
      <Filter>ProgressSource</Filter>
    </ClCompile>
    <ClCompile Include="Progress4Thread.cpp">
      <Filter>ProgressSource</Filter>
    </ClCompile>
  </ItemGroup>
  <ItemGroup>
    <ResourceCompile Include="TWM1.rc">
      <Filter>리소스 파일</Filter>
    </ResourceCompile>
  </ItemGroup>
  <ItemGroup>
    <None Include="res\TWM1.rc2">
      <Filter>리소스 파일</Filter>
    </None>
  </ItemGroup>
  <ItemGroup>
    <Image Include="res\TWM1.ico">
      <Filter>리소스 파일</Filter>
    </Image>
  </ItemGroup>
</Project>